# This file is generated by running "yarn install" inside your project.
# Manual changes might be lost - proceed with caution!

__metadata:
  version: 6
  cacheKey: 8

"@prisma/engines@npm:3.13.0-17.efdf9b1183dddfd4258cd181a72125755215ab7b":
  version: 3.13.0-17.efdf9b1183dddfd4258cd181a72125755215ab7b
  resolution: "@prisma/engines@npm:3.13.0-17.efdf9b1183dddfd4258cd181a72125755215ab7b"
  checksum: 045e08c6c72891a6e0028357d261ca5995ca5bdc2c6466b294141e37605ec1f1eb72f4d49301adc76680bedcf82d9671221befe40d4746f3e679a4406767adb5
  languageName: node
  linkType: hard

"@types/node@npm:^17.0.31":
  version: 17.0.31
  resolution: "@types/node@npm:17.0.31"
  checksum: 704618350f8420d5c47db0f7778398e821b7724369946f5c441a7e6b9343295553936400eb8309f0b07d5e39c240988ab3456b983712ca86265dabc9aee4ad3d
  languageName: node
  linkType: hard

"esbuild-android-64@npm:0.14.38":
  version: 0.14.38
  resolution: "esbuild-android-64@npm:0.14.38"
  conditions: os=android & cpu=x64
  languageName: node
  linkType: hard

"esbuild-android-arm64@npm:0.14.38":
  version: 0.14.38
  resolution: "esbuild-android-arm64@npm:0.14.38"
  conditions: os=android & cpu=arm64
  languageName: node
  linkType: hard

"esbuild-darwin-64@npm:0.14.38":
  version: 0.14.38
  resolution: "esbuild-darwin-64@npm:0.14.38"
  conditions: os=darwin & cpu=x64
  languageName: node
  linkType: hard

"esbuild-darwin-arm64@npm:0.14.38":
  version: 0.14.38
  resolution: "esbuild-darwin-arm64@npm:0.14.38"
  conditions: os=darwin & cpu=arm64
  languageName: node
  linkType: hard

"esbuild-freebsd-64@npm:0.14.38":
  version: 0.14.38
  resolution: "esbuild-freebsd-64@npm:0.14.38"
  conditions: os=freebsd & cpu=x64
  languageName: node
  linkType: hard

"esbuild-freebsd-arm64@npm:0.14.38":
  version: 0.14.38
  resolution: "esbuild-freebsd-arm64@npm:0.14.38"
  conditions: os=freebsd & cpu=arm64
  languageName: node
  linkType: hard

"esbuild-linux-32@npm:0.14.38":
  version: 0.14.38
  resolution: "esbuild-linux-32@npm:0.14.38"
  conditions: os=linux & cpu=ia32
  languageName: node
  linkType: hard

"esbuild-linux-64@npm:0.14.38":
  version: 0.14.38
  resolution: "esbuild-linux-64@npm:0.14.38"
  conditions: os=linux & cpu=x64
  languageName: node
  linkType: hard

"esbuild-linux-arm64@npm:0.14.38":
  version: 0.14.38
  resolution: "esbuild-linux-arm64@npm:0.14.38"
  conditions: os=linux & cpu=arm64
  languageName: node
  linkType: hard

"esbuild-linux-arm@npm:0.14.38":
  version: 0.14.38
  resolution: "esbuild-linux-arm@npm:0.14.38"
  conditions: os=linux & cpu=arm
  languageName: node
  linkType: hard

"esbuild-linux-mips64le@npm:0.14.38":
  version: 0.14.38
  resolution: "esbuild-linux-mips64le@npm:0.14.38"
  conditions: os=linux & cpu=mips64el
  languageName: node
  linkType: hard

"esbuild-linux-ppc64le@npm:0.14.38":
  version: 0.14.38
  resolution: "esbuild-linux-ppc64le@npm:0.14.38"
  conditions: os=linux & cpu=ppc64
  languageName: node
  linkType: hard

"esbuild-linux-riscv64@npm:0.14.38":
  version: 0.14.38
  resolution: "esbuild-linux-riscv64@npm:0.14.38"
  conditions: os=linux & cpu=riscv64
  languageName: node
  linkType: hard

"esbuild-linux-s390x@npm:0.14.38":
  version: 0.14.38
  resolution: "esbuild-linux-s390x@npm:0.14.38"
  conditions: os=linux & cpu=s390x
  languageName: node
  linkType: hard

"esbuild-netbsd-64@npm:0.14.38":
  version: 0.14.38
  resolution: "esbuild-netbsd-64@npm:0.14.38"
  conditions: os=netbsd & cpu=x64
  languageName: node
  linkType: hard

"esbuild-openbsd-64@npm:0.14.38":
  version: 0.14.38
  resolution: "esbuild-openbsd-64@npm:0.14.38"
  conditions: os=openbsd & cpu=x64
  languageName: node
  linkType: hard

"esbuild-register@npm:^3.3.2":
  version: 3.3.2
  resolution: "esbuild-register@npm:3.3.2"
  peerDependencies:
    esbuild: ">=0.12 <1"
  checksum: 94c353571b23f9a54d00e4551f03696c99b068699f6afaa2bed9cdf5247ec54536f50ea4c68572485904026a4fd374625418682fd240837895839aeba3f29ec2
  languageName: node
  linkType: hard

"esbuild-sunos-64@npm:0.14.38":
  version: 0.14.38
  resolution: "esbuild-sunos-64@npm:0.14.38"
  conditions: os=sunos & cpu=x64
  languageName: node
  linkType: hard

"esbuild-windows-32@npm:0.14.38":
  version: 0.14.38
  resolution: "esbuild-windows-32@npm:0.14.38"
  conditions: os=win32 & cpu=ia32
  languageName: node
  linkType: hard

"esbuild-windows-64@npm:0.14.38":
  version: 0.14.38
  resolution: "esbuild-windows-64@npm:0.14.38"
  conditions: os=win32 & cpu=x64
  languageName: node
  linkType: hard

"esbuild-windows-arm64@npm:0.14.38":
  version: 0.14.38
  resolution: "esbuild-windows-arm64@npm:0.14.38"
  conditions: os=win32 & cpu=arm64
  languageName: node
  linkType: hard

"esbuild@npm:^0.14.38":
  version: 0.14.38
  resolution: "esbuild@npm:0.14.38"
  dependencies:
    esbuild-android-64: 0.14.38
    esbuild-android-arm64: 0.14.38
    esbuild-darwin-64: 0.14.38
    esbuild-darwin-arm64: 0.14.38
    esbuild-freebsd-64: 0.14.38
    esbuild-freebsd-arm64: 0.14.38
    esbuild-linux-32: 0.14.38
    esbuild-linux-64: 0.14.38
    esbuild-linux-arm: 0.14.38
    esbuild-linux-arm64: 0.14.38
    esbuild-linux-mips64le: 0.14.38
    esbuild-linux-ppc64le: 0.14.38
    esbuild-linux-riscv64: 0.14.38
    esbuild-linux-s390x: 0.14.38
    esbuild-netbsd-64: 0.14.38
    esbuild-openbsd-64: 0.14.38
    esbuild-sunos-64: 0.14.38
    esbuild-windows-32: 0.14.38
    esbuild-windows-64: 0.14.38
    esbuild-windows-arm64: 0.14.38
  dependenciesMeta:
    esbuild-android-64:
      optional: true
    esbuild-android-arm64:
      optional: true
    esbuild-darwin-64:
      optional: true
    esbuild-darwin-arm64:
      optional: true
    esbuild-freebsd-64:
      optional: true
    esbuild-freebsd-arm64:
      optional: true
    esbuild-linux-32:
      optional: true
    esbuild-linux-64:
      optional: true
    esbuild-linux-arm:
      optional: true
    esbuild-linux-arm64:
      optional: true
    esbuild-linux-mips64le:
      optional: true
    esbuild-linux-ppc64le:
      optional: true
    esbuild-linux-riscv64:
      optional: true
    esbuild-linux-s390x:
      optional: true
    esbuild-netbsd-64:
      optional: true
    esbuild-openbsd-64:
      optional: true
    esbuild-sunos-64:
      optional: true
    esbuild-windows-32:
      optional: true
    esbuild-windows-64:
      optional: true
    esbuild-windows-arm64:
      optional: true
  bin:
    esbuild: bin/esbuild
  checksum: d7523a36bd28016c010829c527386dbc0c6b9f514920abf5ac8003f346665161aa61026fd6822c5091fc1c1af52fe26c9281a81740fc06f2994cdbb7c2880297
  languageName: node
  linkType: hard

"prisma@npm:^3.13.0":
  version: 3.13.0
  resolution: "prisma@npm:3.13.0"
  dependencies:
    "@prisma/engines": 3.13.0-17.efdf9b1183dddfd4258cd181a72125755215ab7b
    ts-pattern: ^4.0.1
  bin:
    prisma: build/index.js
    prisma2: build/index.js
  checksum: cbd59f53eea125cdb14722d16bf21e38a5eb82ed4e5f42f3732c33884158fe014eb576aa8580f670ece403706dfb64e2d6e741f50f3320b7bf08c7e8ec44a4b4
  languageName: node
  linkType: hard

"reproduction-prisma-starter@workspace:.":
  version: 0.0.0-use.local
  resolution: "reproduction-prisma-starter@workspace:."
  dependencies:
    "@types/node": ^17.0.31
    esbuild: ^0.14.38
    esbuild-register: ^3.3.2
    prisma: ^3.13.0
    typescript: ^4.6.4
  languageName: unknown
  linkType: soft

"ts-pattern@npm:^4.0.1":
  version: 4.0.2
  resolution: "ts-pattern@npm:4.0.2"
  checksum: 1156c3dea42b9b9373d1c7c96bcd24d82a37701ab7fdd399178d58c350153c2322455d27459c8cb0d8fa445958632ffa776ed612fd656ffd35a94c79d5d3d5b8
  languageName: node
  linkType: hard

"typescript@npm:^4.6.4":
  version: 4.6.4
  resolution: "typescript@npm:4.6.4"
  bin:
    tsc: bin/tsc
    tsserver: bin/tsserver
  checksum: e7bfcc39cd4571a63a54e5ea21f16b8445268b9900bf55aee0e02ad981be576acc140eba24f1af5e3c1457767c96cea6d12861768fb386cf3ffb34013718631a
  languageName: node
  linkType: hard

"typescript@patch:typescript@^4.6.4#~builtin<compat/typescript>":
  version: 4.6.4
  resolution: "typescript@patch:typescript@npm%3A4.6.4#~builtin<compat/typescript>::version=4.6.4&hash=bda367"
  bin:
    tsc: bin/tsc
    tsserver: bin/tsserver
  checksum: 1cb434fbc637d347be90e3a0c6cd05e33c38f941713c8786d3031faf1842c2c148ba91d2fac01e7276b0ae3249b8633f1660e32686cc7a8c6a8fd5361dc52c66
  languageName: node
  linkType: hard
